
Microsoft Visual Studio Solution File, Format Version 12.00
# Visual Studio Version 17
VisualStudioVersion = 17.5.33530.505
MinimumVisualStudioVersion = 10.0.40219.1
Project("{FAE04EC0-301F-11D3-BF4B-00C04F79EFBC}") = "PractiseOOPS", "PractiseOOPS\PractiseOOPS.csproj", "{02652E8A-A79C-4D6A-9769-65B6F73A0228}"
EndProject
Project("{FAE04EC0-301F-11D3-BF4B-00C04F79EFBC}") = "Classes", "BankAccounts\Classes.csproj", "{B1FC19A6-447D-4C49-ACBA-F5265228B5BA}"
EndProject
Global
	GlobalSection(SolutionConfigurationPlatforms) = preSolution
		Debug|Any CPU = Debug|Any CPU
		Release|Any CPU = Release|Any CPU
	EndGlobalSection
	GlobalSection(ProjectConfigurationPlatforms) = postSolution
		{02652E8A-A79C-4D6A-9769-65B6F73A0228}.Debug|Any CPU.ActiveCfg = Debug|Any CPU
		{02652E8A-A79C-4D6A-9769-65B6F73A0228}.Debug|Any CPU.Build.0 = Debug|Any CPU
		{02652E8A-A79C-4D6A-9769-65B6F73A0228}.Release|Any CPU.ActiveCfg = Release|Any CPU
		{02652E8A-A79C-4D6A-9769-65B6F73A0228}.Release|Any CPU.Build.0 = Release|Any CPU
		{B1FC19A6-447D-4C49-ACBA-F5265228B5BA}.Debug|Any CPU.ActiveCfg = Debug|Any CPU
		{B1FC19A6-447D-4C49-ACBA-F5265228B5BA}.Debug|Any CPU.Build.0 = Debug|Any CPU
		{B1FC19A6-447D-4C49-ACBA-F5265228B5BA}.Release|Any CPU.ActiveCfg = Release|Any CPU
		{B1FC19A6-447D-4C49-ACBA-F5265228B5BA}.Release|Any CPU.Build.0 = Release|Any CPU
	EndGlobalSection
	GlobalSection(SolutionProperties) = preSolution
		HideSolutionNode = FALSE
	EndGlobalSection
	GlobalSection(ExtensibilityGlobals) = postSolution
		SolutionGuid = {FC4A4091-8D04-433C-A67C-3D19644A6A40}
	EndGlobalSection
EndGlobal
